dependencies:
- name: redis
  repository: oci://registry-1.docker.io/bitnamicharts
  version: 19.6.4
- name: postgresql
  repository: oci://registry-1.docker.io/bitnamicharts
  version: 14.3.3
digest: sha256:cfdd21e0ecec20d963e3b152126795d99ff2f460728fc027dc886584d426de48
generated: "2026-03-31T10:32:11.903507018+02:00"
