dependencies:
- name: safe-transaction-service
  repository: file://../safe-transaction-service
  version: 0.1.0
- name: safe-config-service
  repository: file://../safe-config-service
  version: 0.1.0
- name: safe-client-gateway
  repository: file://../safe-client-gateway
  version: 0.1.0
- name: safe-wallet-web
  repository: file://../safe-wallet-web
  version: 0.1.0
- name: safe-events-service
  repository: file://../safe-events-service
  version: 0.1.0
- name: rabbitmq
  repository: oci://registry-1.docker.io/bitnamicharts
  version: 14.6.5
digest: sha256:a0f3bf023f0d4508407b05e8446791716b77e43b7414e8377cbb40437599726d
generated: "2026-03-31T10:32:20.320509419+02:00"
